// !$*UTF8*$!
{
	archiveVersion = 1;
	classes = {
	};
	objectVersion = 55;
	objects = {

/* Begin PBXBuildFile section */
		124DAE2927D1ADB500AD4883 /* AppDelegate.swift in Sources */ = {isa = PBXBuildFile; fileRef = 124DAE2827D1ADB500AD4883 /* AppDelegate.swift */; };
		124DAE2B27D1ADB500AD4883 /* SceneDelegate.swift in Sources */ = {isa = PBXBuildFile; fileRef = 124DAE2A27D1ADB500AD4883 /* SceneDelegate.swift */; };
		124DAE2D27D1ADB500AD4883 /* ViewController.swift in Sources */ = {isa = PBXBuildFile; fileRef = 124DAE2C27D1ADB500AD4883 /* ViewController.swift */; };
		124DAE3027D1ADB500AD4883 /* Main.storyboard in Resources */ = {isa = PBXBuildFile; fileRef = 124DAE2E27D1ADB500AD4883 /* Main.storyboard */; };
		124DAE3227D1ADB700AD4883 /* Assets.xcassets in Resources */ = {isa = PBXBuildFile; fileRef = 124DAE3127D1ADB700AD4883 /* Assets.xcassets */; };
		124DAE3527D1ADB700AD4883 /* LaunchScreen.storyboard in Resources */ = {isa = PBXBuildFile; fileRef = 124DAE3327D1ADB700AD4883 /* LaunchScreen.storyboard */; };
		124DAE4027D1ADB700AD4883 /* DemoTests.swift in Sources */ = {isa = PBXBuildFile; fileRef = 124DAE3F27D1ADB700AD4883 /* DemoTests.swift */; };
		124DAE4A27D1ADB700AD4883 /* DemoUITests.swift in Sources */ = {isa = PBXBuildFile; fileRef = 124DAE4927D1ADB700AD4883 /* DemoUITests.swift */; };
		124DAE4C27D1ADB700AD4883 /* DemoUITestsLaunchTests.swift in Sources */ = {isa = PBXBuildFile; fileRef = 124DAE4B27D1ADB700AD4883 /* DemoUITestsLaunchTests.swift */; };
/* End PBXBuildFile section */

/* Begin PBXContainerItemProxy section */
		124DAE3C27D1ADB700AD4883 /* PBXContainerItemProxy */ = {
			isa = PBXContainerItemProxy;
			containerPortal = 124DAE1D27D1ADB500AD4883 /* Project object */;
			proxyType = 1;
			remoteGlobalIDString = 124DAE2427D1ADB500AD4883;
			remoteInfo = Demo;
		};
		124DAE4627D1ADB700AD4883 /* PBXContainerItemProxy */ = {
			isa = PBXContainerItemProxy;
			containerPortal = 124DAE1D27D1ADB500AD4883 /* Project object */;
			proxyType = 1;
			remoteGlobalIDString = 124DAE2427D1ADB500AD4883;
			remoteInfo = Demo;
		};
/* End PBXContainerItemProxy section */

/* Begin PBXFileReference section */
		124DAE2527D1ADB500AD4883 /* Demo.app */ = {isa = PBXFileReference; explicitFileType = wrapper.application; includeInIndex = 0; path = Demo.app; sourceTree = BUILT_PRODUCTS_DIR; };
		124DAE2827D1ADB500AD4883 /* AppDelegate.swift */ = {isa = PBXFileReference; lastKnownFileType = sourcecode.swift; path = AppDelegate.swift; sourceTree = "<group>"; };
		124DAE2A27D1ADB500AD4883 /* SceneDelegate.swift */ = {isa = PBXFileReference; lastKnownFileType = sourcecode.swift; path = SceneDelegate.swift; sourceTree = "<group>"; };
		124DAE2C27D1ADB500AD4883 /* ViewController.swift */ = {isa = PBXFileReference; lastKnownFileType = sourcecode.swift; path = ViewController.swift; sourceTree = "<group>"; };
		124DAE2F27D1ADB500AD4883 /* Base */ = {isa = PBXFileReference; lastKnownFileType = file.storyboard; name = Base; path = Base.lproj/Main.storyboard; sourceTree = "<group>"; };
		124DAE3127D1ADB700AD4883 /* Assets.xcassets */ = {isa = PBXFileReference; lastKnownFileType = folder.assetcatalog; path = Assets.xcassets; sourceTree = "<group>"; };
		124DAE3427D1ADB700AD4883 /* Base */ = {isa = PBXFileReference; lastKnownFileType = file.storyboard; name = Base; path = Base.lproj/LaunchScreen.storyboard; sourceTree = "<group>"; };
		124DAE3627D1ADB700AD4883 /* Info.plist */ = {isa = PBXFileReference; lastKnownFileType = text.plist.xml; path = Info.plist; sourceTree = "<group>"; };
		124DAE3B27D1ADB700AD4883 /* DemoTests.xctest */ = {isa = PBXFileReference; explicitFileType = wrapper.cfbundle; includeInIndex = 0; path = DemoTests.xctest; sourceTree = BUILT_PRODUCTS_DIR; };
		124DAE3F27D1ADB700AD4883 /* DemoTests.swift */ = {isa = PBXFileReference; lastKnownFileType = sourcecode.swift; path = DemoTests.swift; sourceTree = "<group>"; };
		124DAE4527D1ADB700AD4883 /* DemoUITests.xctest */ = {isa = PBXFileReference; explicitFileType = wrapper.cfbundle; includeInIndex = 0; path = DemoUITests.xctest; sourceTree = BUILT_PRODUCTS_DIR; };
		124DAE4927D1ADB700AD4883 /* DemoUITests.swift */ = {isa = PBXFileReference; lastKnownFileType = sourcecode.swift; path = DemoUITests.swift; sourceTree = "<group>"; };
		124DAE4B27D1ADB700AD4883 /* DemoUITestsLaunchTests.swift */ = {isa = PBXFileReference; lastKnownFileType = sourcecode.swift; path = DemoUITestsLaunchTests.swift; sourceTree = "<group>"; };
/* End PBXFileReference section */

/* Begin PBXFrameworksBuildPhase section */
		124DAE2227D1ADB500AD4883 /* Frameworks */ = {
			isa = PBXFrameworksBuildPhase;
			buildActionMask = 2147483647;
			files = (
			);
			runOnlyForDeploymentPostprocessing = 0;
		};
		124DAE3827D1ADB700AD4883 /* Frameworks */ = {
			isa = PBXFrameworksBuildPhase;
			buildActionMask = 2147483647;
			files = (
			);
			runOnlyForDeploymentPostprocessing = 0;
		};
		124DAE4227D1ADB700AD4883 /* Frameworks */ = {
			isa = PBXFrameworksBuildPhase;
			buildActionMask = 2147483647;
			files = (
			);
			runOnlyForDeploymentPostprocessing = 0;
		};
/* End PBXFrameworksBuildPhase section */

/* Begin PBXGroup section */
		124DAE1C27D1ADB500AD4883 = {
			isa = PBXGroup;
			children = (
				124DAE2727D1ADB500AD4883 /* Demo */,
				124DAE3E27D1ADB700AD4883 /* DemoTests */,
				124DAE4827D1ADB700AD4883 /* DemoUITests */,
				124DAE2627D1ADB500AD4883 /* Products */,
			);
			sourceTree = "<group>";
		};
		124DAE2627D1ADB500AD4883 /* Products */ = {
			isa = PBXGroup;
			children = (
				124DAE2527D1ADB500AD4883 /* Demo.app */,
				124DAE3B27D1ADB700AD4883 /* DemoTests.xctest */,
				124DAE4527D1ADB700AD4883 /* DemoUITests.xctest */,
			);
			name = Products;
			sourceTree = "<group>";
		};
		124DAE2727D1ADB500AD4883 /* Demo */ = {
			isa = PBXGroup;
			children = (
				124DAE2827D1ADB500AD4883 /* AppDelegate.swift */,
				124DAE2A27D1ADB500AD4883 /* SceneDelegate.swift */,
				124DAE2C27D1ADB500AD4883 /* ViewController.swift */,
				124DAE2E27D1ADB500AD4883 /* Main.storyboard */,
				124DAE3127D1ADB700AD4883 /* Assets.xcassets */,
				124DAE3327D1ADB700AD4883 /* LaunchScreen.storyboard */,
				124DAE3627D1ADB700AD4883 /* Info.plist */,
			);
			path = Demo;
			sourceTree = "<group>";
		};
		124DAE3E27D1ADB700AD4883 /* DemoTests */ = {
			isa = PBXGroup;
			children = (
				124DAE3F27D1ADB700AD4883 /* DemoTests.swift */,
			);
			path = DemoTests;
			sourceTree = "<group>";
		};
		124DAE4827D1ADB700AD4883 /* DemoUITests */ = {
			isa = PBXGroup;
			children = (
				124DAE4927D1ADB700AD4883 /* DemoUITests.swift */,
				124DAE4B27D1ADB700AD4883 /* DemoUITestsLaunchTests.swift */,
			);
			path = DemoUITests;
			sourceTree = "<group>";
		};
/* End PBXGroup section */

/* Begin PBXNativeTarget section */
		124DAE2427D1ADB500AD4883 /* Demo */ = {
			isa = PBXNativeTarget;
			buildConfigurationList = 124DAE4F27D1ADB700AD4883 /* Build configuration list for PBXNativeTarget "Demo" */;
			buildPhases = (
				124DAE2127D1ADB500AD4883 /* Sources */,
				124DAE2227D1ADB500AD4883 /* Frameworks */,
				124DAE2327D1ADB500AD4883 /* Resources */,
			);
			buildRules = (
			);
			dependencies = (
			);
			name = Demo;
			productName = Demo;
			productReference = 124DAE2527D1ADB500AD4883 /* Demo.app */;
			productType = "com.apple.product-type.application";
		};
		124DAE3A27D1ADB700AD4883 /* DemoTests */ = {
			isa = PBXNativeTarget;
			buildConfigurationList = 124DAE5227D1ADB700AD4883 /* Build configuration list for PBXNativeTarget "DemoTests" */;
			buildPhases = (
				124DAE3727D1ADB700AD4883 /* Sources */,
				124DAE3827D1ADB700AD4883 /* Frameworks */,
				124DAE3927D1ADB700AD4883 /* Resources */,
			);
			buildRules = (
			);
			dependencies = (
				124DAE3D27D1ADB700AD4883 /* PBXTargetDependency */,
			);
			name = DemoTests;
			productName = DemoTests;
			productReference = 124DAE3B27D1ADB700AD4883 /* DemoTests.xctest */;
			productType = "com.apple.product-type.bundle.unit-test";
		};
		124DAE4427D1ADB700AD4883 /* DemoUITests */ = {
			isa = PBXNativeTarget;
			buildConfigurationList = 124DAE5527D1ADB700AD4883 /* Build configuration list for PBXNativeTarget "DemoUITests" */;
			buildPhases = (
				124DAE4127D1ADB700AD4883 /* Sources */,
				124DAE4227D1ADB700AD4883 /* Frameworks */,
				124DAE4327D1ADB700AD4883 /* Resources */,
			);
			buildRules = (
			);
			dependencies = (
				124DAE4727D1ADB700AD4883 /* PBXTargetDependency */,
			);
			name = DemoUITests;
			productName = DemoUITests;
			productReference = 124DAE4527D1ADB700AD4883 /* DemoUITests.xctest */;
			productType = "com.apple.product-type.bundle.ui-testing";
		};
/* End PBXNativeTarget section */

/* Begin PBXProject section */
		124DAE1D27D1ADB500AD4883 /* Project object */ = {
			isa = PBXProject;
			attributes = {
				BuildIndependentTargetsInParallel = 1;
				LastSwiftUpdateCheck = 1320;
				LastUpgradeCheck = 1320;
				TargetAttributes = {
					124DAE2427D1ADB500AD4883 = {
						CreatedOnToolsVersion = 13.2.1;
					};
					124DAE3A27D1ADB700AD4883 = {
						CreatedOnToolsVersion = 13.2.1;
						TestTargetID = 124DAE2427D1ADB500AD4883;
					};
					124DAE4427D1ADB700AD4883 = {
						CreatedOnToolsVersion = 13.2.1;
						TestTargetID = 124DAE2427D1ADB500AD4883;
					};
				};
			};
			buildConfigurationList = 124DAE2027D1ADB500AD4883 /* Build configuration list for PBXProject "Demo" */;
			compatibilityVersion = "Xcode 13.0";
			developmentRegion = en;
			hasScannedForEncodings = 0;
			knownRegions = (
				en,
				Base,
			);
			mainGroup = 124DAE1C27D1ADB500AD4883;
			productRefGroup = 124DAE2627D1ADB500AD4883 /* Products */;
			projectDirPath = "";
			projectRoot = "";
			targets = (
				124DAE2427D1ADB500AD4883 /* Demo */,
				124DAE3A27D1ADB700AD4883 /* DemoTests */,
				124DAE4427D1ADB700AD4883 /* DemoUITests */,
			);
		};
/* End PBXProject section */

/* Begin PBXResourcesBuildPhase section */
		124DAE2327D1ADB500AD4883 /* Resources */ = {
			isa = PBXResourcesBuildPhase;
			buildActionMask = 2147483647;
			files = (
				124DAE3527D1ADB700AD4883 /* LaunchScreen.storyboard in Resources */,
				124DAE3227D1ADB700AD4883 /* Assets.xcassets in Resources */,
				124DAE3027D1ADB500AD4883 /* Main.storyboard in Resources */,
			);
			runOnlyForDeploymentPostprocessing = 0;
		};
		124DAE3927D1ADB700AD4883 /* Resources */ = {
			isa = PBXResourcesBuildPhase;
			buildActionMask = 2147483647;
			files = (
			);
			runOnlyForDeploymentPostprocessing = 0;
		};
		124DAE4327D1ADB700AD4883 /* Resources */ = {
			isa = PBXResourcesBuildPhase;
			buildActionMask = 2147483647;
			files = (
			);
			runOnlyForDeploymentPostprocessing = 0;
		};
/* End PBXResourcesBuildPhase section */

/* Begin PBXSourcesBuildPhase section */
		124DAE2127D1ADB500AD4883 /* Sources */ = {
			isa = PBXSourcesBuildPhase;
			buildActionMask = 2147483647;
			files = (
				124DAE2D27D1ADB500AD4883 /* ViewController.swift in Sources */,
				124DAE2927D1ADB500AD4883 /* AppDelegate.swift in Sources */,
				124DAE2B27D1ADB500AD4883 /* SceneDelegate.swift in Sources */,
			);
			runOnlyForDeploymentPostprocessing = 0;
		};
		124DAE3727D1ADB700AD4883 /* Sources */ = {
			isa = PBXSourcesBuildPhase;
			buildActionMask = 2147483647;
			files = (
				124DAE4027D1ADB700AD4883 /* DemoTests.swift in Sources */,
			);
			runOnlyForDeploymentPostprocessing = 0;
		};
		124DAE4127D1ADB700AD4883 /* Sources */ = {
			isa = PBXSourcesBuildPhase;
			buildActionMask = 2147483647;
			files = (
				124DAE4A27D1ADB700AD4883 /* DemoUITests.swift in Sources */,
				124DAE4C27D1ADB700AD4883 /* DemoUITestsLaunchTests.swift in Sources */,
			);
			runOnlyForDeploymentPostprocessing = 0;
		};
/* End PBXSourcesBuildPhase section */

/* Begin PBXTargetDependency section */
		124DAE3D27D1ADB700AD4883 /* PBXTargetDependency */ = {
			isa = PBXTargetDependency;
			target = 124DAE2427D1ADB500AD4883 /* Demo */;
			targetProxy = 124DAE3C27D1ADB700AD4883 /* PBXContainerItemProxy */;
		};
		124DAE4727D1ADB700AD4883 /* PBXTargetDependency */ = {
			isa = PBXTargetDependency;
			target = 124DAE2427D1ADB500AD4883 /* Demo */;
			targetProxy = 124DAE4627D1ADB700AD4883 /* PBXContainerItemProxy */;
		};
/* End PBXTargetDependency section */

/* Begin PBXVariantGroup section */
		124DAE2E27D1ADB500AD4883 /* Main.storyboard */ = {
			isa = PBXVariantGroup;
			children = (
				124DAE2F27D1ADB500AD4883 /* Base */,
			);
			name = Main.storyboard;
			sourceTree = "<group>";
		};
		124DAE3327D1ADB700AD4883 /* LaunchScreen.storyboard */ = {
			isa = PBXVariantGroup;
			children = (
				124DAE3427D1ADB700AD4883 /* Base */,
			);
			name = LaunchScreen.storyboard;
			sourceTree = "<group>";
		};
/* End PBXVariantGroup section */

/* Begin XCBuildConfiguration section */
		124DAE4D27D1ADB700AD4883 /* Debug */ = {
			isa = XCBuildConfiguration;
			buildSettings = {
				ALWAYS_SEARCH_USER_PATHS = NO;
				CLANG_ANALYZER_NONNULL = YES;
				CLANG_ANALYZER_NUMBER_OBJECT_CONVERSION = YES_AGGRESSIVE;
				CLANG_CXX_LANGUAGE_STANDARD = "gnu++17";
				CLANG_CXX_LIBRARY = "libc++";
				CLANG_ENABLE_MODULES = YES;
				CLANG_ENABLE_OBJC_ARC = YES;
				CLANG_ENABLE_OBJC_WEAK = YES;
				CLANG_WARN_BLOCK_CAPTURE_AUTORELEASING = YES;
				CLANG_WARN_BOOL_CONVERSION = YES;
				CLANG_WARN_COMMA = YES;
				CLANG_WARN_CONSTANT_CONVERSION = YES;
				CLANG_WARN_DEPRECATED_OBJC_IMPLEMENTATIONS = YES;
				CLANG_WARN_DIRECT_OBJC_ISA_USAGE = YES_ERROR;
				CLANG_WARN_DOCUMENTATION_COMMENTS = YES;
				CLANG_WARN_EMPTY_BODY = YES;
				CLANG_WARN_ENUM_CONVERSION = YES;
				CLANG_WARN_INFINITE_RECURSION = YES;
				CLANG_WARN_INT_CONVERSION = YES;
				CLANG_WARN_NON_LITERAL_NULL_CONVERSION = YES;
				CLANG_WARN_OBJC_IMPLICIT_RETAIN_SELF = YES;
				CLANG_WARN_OBJC_LITERAL_CONVERSION = YES;
				CLANG_WARN_OBJC_ROOT_CLASS = YES_ERROR;
				CLANG_WARN_QUOTED_INCLUDE_IN_FRAMEWORK_HEADER = YES;
				CLANG_WARN_RANGE_LOOP_ANALYSIS = YES;
				CLANG_WARN_STRICT_PROTOTYPES = YES;
				CLANG_WARN_SUSPICIOUS_MOVE = YES;
				CLANG_WARN_UNGUARDED_AVAILABILITY = YES_AGGRESSIVE;
				CLANG_WARN_UNREACHABLE_CODE = YES;
				CLANG_WARN__DUPLICATE_METHOD_MATCH = YES;
				COPY_PHASE_STRIP = NO;
				DEBUG_INFORMATION_FORMAT = dwarf;
				ENABLE_STRICT_OBJC_MSGSEND = YES;
				ENABLE_TESTABILITY = YES;
				GCC_C_LANGUAGE_STANDARD = gnu11;
				GCC_DYNAMIC_NO_PIC = NO;
				GCC_NO_COMMON_BLOCKS = YES;
				GCC_OPTIMIZATION_LEVEL = 0;
				GCC_PREPROCESSOR_DEFINITIONS = (
					"DEBUG=1",
					"$(inherited)",
				);
				GCC_WARN_64_TO_32_BIT_CONVERSION = YES;
				GCC_WARN_ABOUT_RETURN_TYPE = YES_ERROR;
				GCC_WARN_UNDECLARED_SELECTOR = YES;
				GCC_WARN_UNINITIALIZED_AUTOS = YES_AGGRESSIVE;
				GCC_WARN_UNUSED_FUNCTION = YES;
				GCC_WARN_UNUSED_VARIABLE = YES;
				IPHONEOS_DEPLOYMENT_TARGET = 15.2;
				MTL_ENABLE_DEBUG_INFO = INCLUDE_SOURCE;
				MTL_FAST_MATH = YES;
				ONLY_ACTIVE_ARCH = YES;
				SDKROOT = iphoneos;
				SWIFT_ACTIVE_COMPILATION_CONDITIONS = DEBUG;
				SWIFT_OPTIMIZATION_LEVEL = "-Onone";
			};
			name = Debug;
		};
		124DAE4E27D1ADB700AD4883 /* Release */ = {
			isa = XCBuildConfiguration;
			buildSettings = {
				ALWAYS_SEARCH_USER_PATHS = NO;
				CLANG_ANALYZER_NONNULL = YES;
				CLANG_ANALYZER_NUMBER_OBJECT_CONVERSION = YES_AGGRESSIVE;
				CLANG_CXX_LANGUAGE_STANDARD = "gnu++17";
				CLANG_CXX_LIBRARY = "libc++";
				CLANG_ENABLE_MODULES = YES;
				CLANG_ENABLE_OBJC_ARC = YES;
				CLANG_ENABLE_OBJC_WEAK = YES;
				CLANG_WARN_BLOCK_CAPTURE_AUTORELEASING = YES;
				CLANG_WARN_BOOL_CONVERSION = YES;
				CLANG_WARN_COMMA = YES;
				CLANG_WARN_CONSTANT_CONVERSION = YES;
				CLANG_WARN_DEPRECATED_OBJC_IMPLEMENTATIONS = YES;
				CLANG_WARN_DIRECT_OBJC_ISA_USAGE = YES_ERROR;
				CLANG_WARN_DOCUMENTATION_COMMENTS = YES;
				CLANG_WARN_EMPTY_BODY = YES;
				CLANG_WARN_ENUM_CONVERSION = YES;
				CLANG_WARN_INFINITE_RECURSION = YES;
				CLANG_WARN_INT_CONVERSION = YES;
				CLANG_WARN_NON_LITERAL_NULL_CONVERSION = YES;
				CLANG_WARN_OBJC_IMPLICIT_RETAIN_SELF = YES;
				CLANG_WARN_OBJC_LITERAL_CONVERSION = YES;
				CLANG_WARN_OBJC_ROOT_CLASS = YES_ERROR;
				CLANG_WARN_QUOTED_INCLUDE_IN_FRAMEWORK_HEADER = YES;
				CLANG_WARN_RANGE_LOOP_ANALYSIS = YES;
				CLANG_WARN_STRICT_PROTOTYPES = YES;
				CLANG_WARN_SUSPICIOUS_MOVE = YES;
				CLANG_WARN_UNGUARDED_AVAILABILITY = YES_AGGRESSIVE;
				CLANG_WARN_UNREACHABLE_CODE = YES;
				CLANG_WARN__DUPLICATE_METHOD_MATCH = YES;
				COPY_PHASE_STRIP = NO;
				DEBUG_INFORMATION_FORMAT = "dwarf-with-dsym";
				ENABLE_NS_ASSERTIONS = NO;
				ENABLE_STRICT_OBJC_MSGSEND = YES;
				GCC_C_LANGUAGE_STANDARD = gnu11;
				GCC_NO_COMMON_BLOCKS = YES;
				GCC_WARN_64_TO_32_BIT_CONVERSION = YES;
				GCC_WARN_ABOUT_RETURN_TYPE = YES_ERROR;
				GCC_WARN_UNDECLARED_SELECTOR = YES;
				GCC_WARN_UNINITIALIZED_AUTOS = YES_AGGRESSIVE;
				GCC_WARN_UNUSED_FUNCTION = YES;
				GCC_WARN_UNUSED_VARIABLE = YES;
				IPHONEOS_DEPLOYMENT_TARGET = 15.2;
				MTL_ENABLE_DEBUG_INFO = NO;
				MTL_FAST_MATH = YES;
				SDKROOT = iphoneos;
				SWIFT_COMPILATION_MODE = wholemodule;
				SWIFT_OPTIMIZATION_LEVEL = "-O";
				VALIDATE_PRODUCT = YES;
			};
			name = Release;
		};
		124DAE5027D1ADB700AD4883 /* Debug */ = {
			isa = XCBuildConfiguration;
			buildSettings = {
				ASSETCATALOG_COMPILER_APPICON_NAME = AppIcon;
				ASSETCATALOG_COMPILER_GLOBAL_ACCENT_COLOR_NAME = AccentColor;
				CODE_SIGN_STYLE = Automatic;
				CURRENT_PROJECT_VERSION = 1;
				DEVELOPMENT_TEAM = 23CV8XQ6A4;
				GENERATE_INFOPLIST_FILE = YES;
				INFOPLIST_FILE = Demo/Info.plist;
				INFOPLIST_KEY_UIApplicationSupportsIndirectInputEvents = YES;
				INFOPLIST_KEY_UILaunchStoryboardName = LaunchScreen;
				INFOPLIST_KEY_UIMainStoryboardFile = Main;
				INFOPLIST_KEY_UISupportedInterfaceOrientations_iPad = "UIInterfaceOrientationPortrait UIInterfaceOrientationPortraitUpsideDown UIInterfaceOrientationLandscapeLeft UIInterfaceOrientationLandscapeRight";
				INFOPLIST_KEY_UISupportedInterfaceOrientations_iPhone = "UIInterfaceOrientationPortrait UIInterfaceOrientationLandscapeLeft UIInterfaceOrientationLandscapeRight";
				LD_RUNPATH_SEARCH_PATHS = (
					"$(inherited)",
					"@executable_path/Frameworks",
				);
				MARKETING_VERSION = 1.0;
				PRODUCT_BUNDLE_IDENTIFIER = le.abc.Demo;
				PRODUCT_NAME = "$(TARGET_NAME)";
				SWIFT_EMIT_LOC_STRINGS = YES;
				SWIFT_VERSION = 5.0;
				TARGETED_DEVICE_FAMILY = "1,2";
			};
			name = Debug;
		};
		124DAE5127D1ADB700AD4883 /* Release */ = {
			isa = XCBuildConfiguration;
			buildSettings = {
				ASSETCATALOG_COMPILER_APPICON_NAME = AppIcon;
				ASSETCATALOG_COMPILER_GLOBAL_ACCENT_COLOR_NAME = AccentColor;
				CODE_SIGN_STYLE = Automatic;
				CURRENT_PROJECT_VERSION = 1;
				DEVELOPMENT_TEAM = 23CV8XQ6A4;
				GENERATE_INFOPLIST_FILE = YES;
				INFOPLIST_FILE = Demo/Info.plist;
				INFOPLIST_KEY_UIApplicationSupportsIndirectInputEvents = YES;
				INFOPLIST_KEY_UILaunchStoryboardName = LaunchScreen;
				INFOPLIST_KEY_UIMainStoryboardFile = Main;
				INFOPLIST_KEY_UISupportedInterfaceOrientations_iPad = "UIInterfaceOrientationPortrait UIInterfaceOrientationPortraitUpsideDown UIInterfaceOrientationLandscapeLeft UIInterfaceOrientationLandscapeRight";
				INFOPLIST_KEY_UISupportedInterfaceOrientations_iPhone = "UIInterfaceOrientationPortrait UIInterfaceOrientationLandscapeLeft UIInterfaceOrientationLandscapeRight";
				LD_RUNPATH_SEARCH_PATHS = (
					"$(inherited)",
					"@executable_path/Frameworks",
				);
				MARKETING_VERSION = 1.0;
				PRODUCT_BUNDLE_IDENTIFIER = le.abc.Demo;
				PRODUCT_NAME = "$(TARGET_NAME)";
				SWIFT_EMIT_LOC_STRINGS = YES;
				SWIFT_VERSION = 5.0;
				TARGETED_DEVICE_FAMILY = "1,2";
			};
			name = Release;
		};
		124DAE5327D1ADB700AD4883 /* Debug */ = {
			isa = XCBuildConfiguration;
			buildSettings = {
				ALWAYS_EMBED_SWIFT_STANDARD_LIBRARIES = YES;
				BUNDLE_LOADER = "$(TEST_HOST)";
				CODE_SIGN_STYLE = Automatic;
				CURRENT_PROJECT_VERSION = 1;
				DEVELOPMENT_TEAM = 23CV8XQ6A4;
				GENERATE_INFOPLIST_FILE = YES;
				IPHONEOS_DEPLOYMENT_TARGET = 15.2;
				MARKETING_VERSION = 1.0;
				PRODUCT_BUNDLE_IDENTIFIER = le.abc.DemoTests;
				PRODUCT_NAME = "$(TARGET_NAME)";
				SWIFT_EMIT_LOC_STRINGS = NO;
				SWIFT_VERSION = 5.0;
				TARGETED_DEVICE_FAMILY = "1,2";
				TEST_HOST = "$(BUILT_PRODUCTS_DIR)/Demo.app/Demo";
			};
			name = Debug;
		};
		124DAE5427D1ADB700AD4883 /* Release */ = {
			isa = XCBuildConfiguration;
			buildSettings = {
				ALWAYS_EMBED_SWIFT_STANDARD_LIBRARIES = YES;
				BUNDLE_LOADER = "$(TEST_HOST)";
				CODE_SIGN_STYLE = Automatic;
				CURRENT_PROJECT_VERSION = 1;
				DEVELOPMENT_TEAM = 23CV8XQ6A4;
				GENERATE_INFOPLIST_FILE = YES;
				IPHONEOS_DEPLOYMENT_TARGET = 15.2;
				MARKETING_VERSION = 1.0;
				PRODUCT_BUNDLE_IDENTIFIER = le.abc.DemoTests;
				PRODUCT_NAME = "$(TARGET_NAME)";
				SWIFT_EMIT_LOC_STRINGS = NO;
				SWIFT_VERSION = 5.0;
				TARGETED_DEVICE_FAMILY = "1,2";
				TEST_HOST = "$(BUILT_PRODUCTS_DIR)/Demo.app/Demo";
			};
			name = Release;
		};
		124DAE5627D1ADB700AD4883 /* Debug */ = {
			isa = XCBuildConfiguration;
			buildSettings = {
				ALWAYS_EMBED_SWIFT_STANDARD_LIBRARIES = YES;
				CODE_SIGN_STYLE = Automatic;
				CURRENT_PROJECT_VERSION = 1;
				DEVELOPMENT_TEAM = 23CV8XQ6A4;
				GENERATE_INFOPLIST_FILE = YES;
				MARKETING_VERSION = 1.0;
				PRODUCT_BUNDLE_IDENTIFIER = le.abc.DemoUITests;
				PRODUCT_NAME = "$(TARGET_NAME)";
				SWIFT_EMIT_LOC_STRINGS = NO;
				SWIFT_VERSION = 5.0;
				TARGETED_DEVICE_FAMILY = "1,2";
				TEST_TARGET_NAME = Demo;
			};
			name = Debug;
		};
		124DAE5727D1ADB700AD4883 /* Release */ = {
			isa = XCBuildConfiguration;
			buildSettings = {
				ALWAYS_EMBED_SWIFT_STANDARD_LIBRARIES = YES;
				CODE_SIGN_STYLE = Automatic;
				CURRENT_PROJECT_VERSION = 1;
				DEVELOPMENT_TEAM = 23CV8XQ6A4;
				GENERATE_INFOPLIST_FILE = YES;
				MARKETING_VERSION = 1.0;
				PRODUCT_BUNDLE_IDENTIFIER = le.abc.DemoUITests;
				PRODUCT_NAME = "$(TARGET_NAME)";
				SWIFT_EMIT_LOC_STRINGS = NO;
				SWIFT_VERSION = 5.0;
				TARGETED_DEVICE_FAMILY = "1,2";
				TEST_TARGET_NAME = Demo;
			};
			name = Release;
		};
/* End XCBuildConfiguration section */

/* Begin XCConfigurationList section */
		124DAE2027D1ADB500AD4883 /* Build configuration list for PBXProject "Demo" */ = {
			isa = XCConfigurationList;
			buildConfigurations = (
				124DAE4D27D1ADB700AD4883 /* Debug */,
				124DAE4E27D1ADB700AD4883 /* Release */,
			);
			defaultConfigurationIsVisible = 0;
			defaultConfigurationName = Release;
		};
		124DAE4F27D1ADB700AD4883 /* Build configuration list for PBXNativeTarget "Demo" */ = {
			isa = XCConfigurationList;
			buildConfigurations = (
				124DAE5027D1ADB700AD4883 /* Debug */,
				124DAE5127D1ADB700AD4883 /* Release */,
			);
			defaultConfigurationIsVisible = 0;
			defaultConfigurationName = Release;
		};
		124DAE5227D1ADB700AD4883 /* Build configuration list for PBXNativeTarget "DemoTests" */ = {
			isa = XCConfigurationList;
			buildConfigurations = (
				124DAE5327D1ADB700AD4883 /* Debug */,
				124DAE5427D1ADB700AD4883 /* Release */,
			);
			defaultConfigurationIsVisible = 0;
			defaultConfigurationName = Release;
		};
		124DAE5527D1ADB700AD4883 /* Build configuration list for PBXNativeTarget "DemoUITests" */ = {
			isa = XCConfigurationList;
			buildConfigurations = (
				124DAE5627D1ADB700AD4883 /* Debug */,
				124DAE5727D1ADB700AD4883 /* Release */,
			);
			defaultConfigurationIsVisible = 0;
			defaultConfigurationName = Release;
		};
/* End XCConfigurationList section */
	};
	rootObject = 124DAE1D27D1ADB500AD4883 /* Project object */;
}
